<?xml version="1.0" encoding="utf-8"?>
<Project ToolsVersion="4.0" xmlns="http://schemas.microsoft.com/developer/msbuild/2003">
  <ItemGroup>
    <Filter Include="源文件">
      <UniqueIdentifier>{4FC737F1-C7A5-4376-A066-2A32D752A2FF}</UniqueIdentifier>
      <Extensions>cpp;c;cc;cxx;def;odl;idl;hpj;bat;asm;asmx</Extensions>
    </Filter>
    <Filter Include="头文件">
      <UniqueIdentifier>{93995380-89BD-4b04-88EB-625FBE52EBFB}</UniqueIdentifier>
      <Extensions>h;hpp;hxx;hm;inl;inc;xsd</Extensions>
    </Filter>
    <Filter Include="资源文件">
      <UniqueIdentifier>{67DA6AB6-F800-4c08-8B7A-83BB121AAD01}</UniqueIdentifier>
      <Extensions>rc;ico;cur;bmp;dlg;rc2;rct;bin;rgs;gif;jpg;jpeg;jpe;resx;tiff;tif;png;wav;mfcribbon-ms</Extensions>
    </Filter>
    <Filter Include="Port">
      <UniqueIdentifier>{8befd701-6255-4c4d-acbf-5945d27564a5}</UniqueIdentifier>
    </Filter>
    <Filter Include="Source">
      <UniqueIdentifier>{f340703d-4e29-4bf8-b298-1ac83a3f53c2}</UniqueIdentifier>
    </Filter>
  </ItemGroup>
  <ItemGroup>
    <ClCompile Include="..\..\App\Test.C">
      <Filter>源文件</Filter>
    </ClCompile>
    <ClCompile Include="..\..\Port\os_cpu_c.c">
      <Filter>Port</Filter>
    </ClCompile>
    <ClCompile Include="..\..\Port\pc.c">
      <Filter>Port</Filter>
    </ClCompile>
    <ClCompile Include="..\..\Source\os_core.c">
      <Filter>Source</Filter>
    </ClCompile>
    <ClCompile Include="..\..\Source\os_dbg_r.c">
      <Filter>Source</Filter>
    </ClCompile>
    <ClCompile Include="..\..\Source\os_flag.c">
      <Filter>Source</Filter>
    </ClCompile>
    <ClCompile Include="..\..\Source\os_mbox.c">
      <Filter>Source</Filter>
    </ClCompile>
    <ClCompile Include="..\..\Source\os_mem.c">
      <Filter>Source</Filter>
    </ClCompile>
    <ClCompile Include="..\..\Source\os_mutex.c">
      <Filter>Source</Filter>
    </ClCompile>
    <ClCompile Include="..\..\Source\os_q.c">
      <Filter>Source</Filter>
    </ClCompile>
    <ClCompile Include="..\..\Source\os_sem.c">
      <Filter>Source</Filter>
    </ClCompile>
    <ClCompile Include="..\..\Source\os_task.c">
      <Filter>Source</Filter>
    </ClCompile>
    <ClCompile Include="..\..\Source\os_time.c">
      <Filter>Source</Filter>
    </ClCompile>
    <ClCompile Include="..\..\Source\os_tmr.c">
      <Filter>Source</Filter>
    </ClCompile>
    <ClCompile Include="..\..\Source\ucos_ii.c">
      <Filter>Source</Filter>
    </ClCompile>
  </ItemGroup>
  <ItemGroup>
    <ClInclude Include="..\..\App\app_cfg.h">
      <Filter>头文件</Filter>
    </ClInclude>
    <ClInclude Include="..\..\App\INCLUDES.H">
      <Filter>头文件</Filter>
    </ClInclude>
    <ClInclude Include="..\..\App\OS_CFG.H">
      <Filter>头文件</Filter>
    </ClInclude>
    <ClInclude Include="..\..\Port\os_cpu.h">
      <Filter>Port</Filter>
    </ClInclude>
    <ClInclude Include="..\..\Port\pc.h">
      <Filter>Port</Filter>
    </ClInclude>
    <ClInclude Include="..\..\Source\os.h">
      <Filter>Source</Filter>
    </ClInclude>
    <ClInclude Include="..\..\Source\os_cfg_r.h">
      <Filter>Source</Filter>
    </ClInclude>
    <ClInclude Include="..\..\Source\ucos_ii.h">
      <Filter>Source</Filter>
    </ClInclude>
  </ItemGroup>
</Project>